
Microsoft Visual Studio Solution File, Format Version 12.00
# Visual Studio Version 17
VisualStudioVersion = 17.13.35828.75 d17.13
MinimumVisualStudioVersion = 10.0.40219.1
Project("{FAE04EC0-301F-11D3-BF4B-00C04F79EFBC}") = "ruut", "ruut\ruut.csproj", "{9C313234-3A4F-495A-85A0-0C94B63DA26B}"
EndProject
Global
	GlobalSection(SolutionConfigurationPlatforms) = preSolution
		Debug|Any CPU = Debug|Any CPU
		Release|Any CPU = Release|Any CPU
	EndGlobalSection
	GlobalSection(ProjectConfigurationPlatforms) = postSolution
		{9C313234-3A4F-495A-85A0-0C94B63DA26B}.Debug|Any CPU.ActiveCfg = Debug|Any CPU
		{9C313234-3A4F-495A-85A0-0C94B63DA26B}.Debug|Any CPU.Build.0 = Debug|Any CPU
		{9C313234-3A4F-495A-85A0-0C94B63DA26B}.Release|Any CPU.ActiveCfg = Release|Any CPU
		{9C313234-3A4F-495A-85A0-0C94B63DA26B}.Release|Any CPU.Build.0 = Release|Any CPU
	EndGlobalSection
	GlobalSection(SolutionProperties) = preSolution
		HideSolutionNode = FALSE
	EndGlobalSection
	GlobalSection(ExtensibilityGlobals) = postSolution
		SolutionGuid = {D6E79E03-3A9D-4192-A86F-8D96B07C6160}
	EndGlobalSection
EndGlobal
